// !$*UTF8*$!
{
	archiveVersion = 1;
	classes = {
	};
	objectVersion = 55;
	objects = {

/* Begin PBXBuildFile section */
		6E20656E2715B804000FF85E /* ScaleViewController.swift in Sources */ = {isa = PBXBuildFile; fileRef = 6E20656D2715B804000FF85E /* ScaleViewController.swift */; };
		6E2065702715E617000FF85E /* FingerBoard.swift in Sources */ = {isa = PBXBuildFile; fileRef = 6E20656F2715E617000FF85E /* FingerBoard.swift */; };
		6E3DB73E2715973600AD1B98 /* AppDelegate.swift in Sources */ = {isa = PBXBuildFile; fileRef = 6E3DB73D2715973600AD1B98 /* AppDelegate.swift */; };
		6E3DB7402715973600AD1B98 /* SceneDelegate.swift in Sources */ = {isa = PBXBuildFile; fileRef = 6E3DB73F2715973600AD1B98 /* SceneDelegate.swift */; };
		6E3DB7422715973600AD1B98 /* ChordViewController.swift in Sources */ = {isa = PBXBuildFile; fileRef = 6E3DB7412715973600AD1B98 /* ChordViewController.swift */; };
		6E3DB7452715973600AD1B98 /* Main.storyboard in Resources */ = {isa = PBXBuildFile; fileRef = 6E3DB7432715973600AD1B98 /* Main.storyboard */; };
		6E3DB7472715973800AD1B98 /* Assets.xcassets in Resources */ = {isa = PBXBuildFile; fileRef = 6E3DB7462715973800AD1B98 /* Assets.xcassets */; };
		6E3DB74A2715973800AD1B98 /* LaunchScreen.storyboard in Resources */ = {isa = PBXBuildFile; fileRef = 6E3DB7482715973800AD1B98 /* LaunchScreen.storyboard */; };
		6E3DB7552715973800AD1B98 /* Music_Edu_MobileTests.swift in Sources */ = {isa = PBXBuildFile; fileRef = 6E3DB7542715973800AD1B98 /* Music_Edu_MobileTests.swift */; };
		6E3DB75F2715973800AD1B98 /* Music_Edu_MobileUITests.swift in Sources */ = {isa = PBXBuildFile; fileRef = 6E3DB75E2715973800AD1B98 /* Music_Edu_MobileUITests.swift */; };
		6E3DB7612715973800AD1B98 /* Music_Edu_MobileUITestsLaunchTests.swift in Sources */ = {isa = PBXBuildFile; fileRef = 6E3DB7602715973800AD1B98 /* Music_Edu_MobileUITestsLaunchTests.swift */; };
/* End PBXBuildFile section */

/* Begin PBXContainerItemProxy section */
		6E3DB7512715973800AD1B98 /* PBXContainerItemProxy */ = {
			isa = PBXContainerItemProxy;
			containerPortal = 6E3DB7322715973600AD1B98 /* Project object */;
			proxyType = 1;
			remoteGlobalIDString = 6E3DB7392715973600AD1B98;
			remoteInfo = "Music-Edu-Mobile";
		};
		6E3DB75B2715973800AD1B98 /* PBXContainerItemProxy */ = {
			isa = PBXContainerItemProxy;
			containerPortal = 6E3DB7322715973600AD1B98 /* Project object */;
			proxyType = 1;
			remoteGlobalIDString = 6E3DB7392715973600AD1B98;
			remoteInfo = "Music-Edu-Mobile";
		};
/* End PBXContainerItemProxy section */

/* Begin PBXFileReference section */
		6E20656D2715B804000FF85E /* ScaleViewController.swift */ = {isa = PBXFileReference; lastKnownFileType = sourcecode.swift; path = ScaleViewController.swift; sourceTree = "<group>"; };
		6E20656F2715E617000FF85E /* FingerBoard.swift */ = {isa = PBXFileReference; lastKnownFileType = sourcecode.swift; path = FingerBoard.swift; sourceTree = "<group>"; };
		6E3DB73A2715973600AD1B98 /* Music-Edu-Mobile.app */ = {isa = PBXFileReference; explicitFileType = wrapper.application; includeInIndex = 0; path = "Music-Edu-Mobile.app"; sourceTree = BUILT_PRODUCTS_DIR; };
		6E3DB73D2715973600AD1B98 /* AppDelegate.swift */ = {isa = PBXFileReference; lastKnownFileType = sourcecode.swift; path = AppDelegate.swift; sourceTree = "<group>"; };
		6E3DB73F2715973600AD1B98 /* SceneDelegate.swift */ = {isa = PBXFileReference; lastKnownFileType = sourcecode.swift; path = SceneDelegate.swift; sourceTree = "<group>"; };
		6E3DB7412715973600AD1B98 /* ChordViewController.swift */ = {isa = PBXFileReference; lastKnownFileType = sourcecode.swift; path = ChordViewController.swift; sourceTree = "<group>"; };
		6E3DB7442715973600AD1B98 /* Base */ = {isa = PBXFileReference; lastKnownFileType = file.storyboard; name = Base; path = Base.lproj/Main.storyboard; sourceTree = "<group>"; };
		6E3DB7462715973800AD1B98 /* Assets.xcassets */ = {isa = PBXFileReference; lastKnownFileType = folder.assetcatalog; path = Assets.xcassets; sourceTree = "<group>"; };
		6E3DB7492715973800AD1B98 /* Base */ = {isa = PBXFileReference; lastKnownFileType = file.storyboard; name = Base; path = Base.lproj/LaunchScreen.storyboard; sourceTree = "<group>"; };
		6E3DB74B2715973800AD1B98 /* Info.plist */ = {isa = PBXFileReference; lastKnownFileType = text.plist.xml; path = Info.plist; sourceTree = "<group>"; };
		6E3DB7502715973800AD1B98 /* Music-Edu-MobileTests.xctest */ = {isa = PBXFileReference; explicitFileType = wrapper.cfbundle; includeInIndex = 0; path = "Music-Edu-MobileTests.xctest"; sourceTree = BUILT_PRODUCTS_DIR; };
		6E3DB7542715973800AD1B98 /* Music_Edu_MobileTests.swift */ = {isa = PBXFileReference; lastKnownFileType = sourcecode.swift; path = Music_Edu_MobileTests.swift; sourceTree = "<group>"; };
		6E3DB75A2715973800AD1B98 /* Music-Edu-MobileUITests.xctest */ = {isa = PBXFileReference; explicitFileType = wrapper.cfbundle; includeInIndex = 0; path = "Music-Edu-MobileUITests.xctest"; sourceTree = BUILT_PRODUCTS_DIR; };
		6E3DB75E2715973800AD1B98 /* Music_Edu_MobileUITests.swift */ = {isa = PBXFileReference; lastKnownFileType = sourcecode.swift; path = Music_Edu_MobileUITests.swift; sourceTree = "<group>"; };
		6E3DB7602715973800AD1B98 /* Music_Edu_MobileUITestsLaunchTests.swift */ = {isa = PBXFileReference; lastKnownFileType = sourcecode.swift; path = Music_Edu_MobileUITestsLaunchTests.swift; sourceTree = "<group>"; };
/* End PBXFileReference section */

/* Begin PBXFrameworksBuildPhase section */
		6E3DB7372715973600AD1B98 /* Frameworks */ = {
			isa = PBXFrameworksBuildPhase;
			buildActionMask = 2147483647;
			files = (
			);
			runOnlyForDeploymentPostprocessing = 0;
		};
		6E3DB74D2715973800AD1B98 /* Frameworks */ = {
			isa = PBXFrameworksBuildPhase;
			buildActionMask = 2147483647;
			files = (
			);
			runOnlyForDeploymentPostprocessing = 0;
		};
		6E3DB7572715973800AD1B98 /* Frameworks */ = {
			isa = PBXFrameworksBuildPhase;
			buildActionMask = 2147483647;
			files = (
			);
			runOnlyForDeploymentPostprocessing = 0;
		};
/* End PBXFrameworksBuildPhase section */

/* Begin PBXGroup section */
		6E3DB7312715973600AD1B98 = {
			isa = PBXGroup;
			children = (
				6E3DB73C2715973600AD1B98 /* Music-Edu-Mobile */,
				6E3DB7532715973800AD1B98 /* Music-Edu-MobileTests */,
				6E3DB75D2715973800AD1B98 /* Music-Edu-MobileUITests */,
				6E3DB73B2715973600AD1B98 /* Products */,
			);
			sourceTree = "<group>";
		};
		6E3DB73B2715973600AD1B98 /* Products */ = {
			isa = PBXGroup;
			children = (
				6E3DB73A2715973600AD1B98 /* Music-Edu-Mobile.app */,
				6E3DB7502715973800AD1B98 /* Music-Edu-MobileTests.xctest */,
				6E3DB75A2715973800AD1B98 /* Music-Edu-MobileUITests.xctest */,
			);
			name = Products;
			sourceTree = "<group>";
		};
		6E3DB73C2715973600AD1B98 /* Music-Edu-Mobile */ = {
			isa = PBXGroup;
			children = (
				6E3DB73D2715973600AD1B98 /* AppDelegate.swift */,
				6E3DB73F2715973600AD1B98 /* SceneDelegate.swift */,
				6E3DB7412715973600AD1B98 /* ChordViewController.swift */,
				6E20656D2715B804000FF85E /* ScaleViewController.swift */,
				6E20656F2715E617000FF85E /* FingerBoard.swift */,
				6E3DB7432715973600AD1B98 /* Main.storyboard */,
				6E3DB7462715973800AD1B98 /* Assets.xcassets */,
				6E3DB7482715973800AD1B98 /* LaunchScreen.storyboard */,
				6E3DB74B2715973800AD1B98 /* Info.plist */,
			);
			path = "Music-Edu-Mobile";
			sourceTree = "<group>";
		};
		6E3DB7532715973800AD1B98 /* Music-Edu-MobileTests */ = {
			isa = PBXGroup;
			children = (
				6E3DB7542715973800AD1B98 /* Music_Edu_MobileTests.swift */,
			);
			path = "Music-Edu-MobileTests";
			sourceTree = "<group>";
		};
		6E3DB75D2715973800AD1B98 /* Music-Edu-MobileUITests */ = {
			isa = PBXGroup;
			children = (
				6E3DB75E2715973800AD1B98 /* Music_Edu_MobileUITests.swift */,
				6E3DB7602715973800AD1B98 /* Music_Edu_MobileUITestsLaunchTests.swift */,
			);
			path = "Music-Edu-MobileUITests";
			sourceTree = "<group>";
		};
/* End PBXGroup section */

/* Begin PBXNativeTarget section */
		6E3DB7392715973600AD1B98 /* Music-Edu-Mobile */ = {
			isa = PBXNativeTarget;
			buildConfigurationList = 6E3DB7642715973800AD1B98 /* Build configuration list for PBXNativeTarget "Music-Edu-Mobile" */;
			buildPhases = (
				6E3DB7362715973600AD1B98 /* Sources */,
				6E3DB7372715973600AD1B98 /* Frameworks */,
				6E3DB7382715973600AD1B98 /* Resources */,
			);
			buildRules = (
			);
			dependencies = (
			);
			name = "Music-Edu-Mobile";
			productName = "Music-Edu-Mobile";
			productReference = 6E3DB73A2715973600AD1B98 /* Music-Edu-Mobile.app */;
			productType = "com.apple.product-type.application";
		};
		6E3DB74F2715973800AD1B98 /* Music-Edu-MobileTests */ = {
			isa = PBXNativeTarget;
			buildConfigurationList = 6E3DB7672715973800AD1B98 /* Build configuration list for PBXNativeTarget "Music-Edu-MobileTests" */;
			buildPhases = (
				6E3DB74C2715973800AD1B98 /* Sources */,
				6E3DB74D2715973800AD1B98 /* Frameworks */,
				6E3DB74E2715973800AD1B98 /* Resources */,
			);
			buildRules = (
			);
			dependencies = (
				6E3DB7522715973800AD1B98 /* PBXTargetDependency */,
			);
			name = "Music-Edu-MobileTests";
			productName = "Music-Edu-MobileTests";
			productReference = 6E3DB7502715973800AD1B98 /* Music-Edu-MobileTests.xctest */;
			productType = "com.apple.product-type.bundle.unit-test";
		};
		6E3DB7592715973800AD1B98 /* Music-Edu-MobileUITests */ = {
			isa = PBXNativeTarget;
			buildConfigurationList = 6E3DB76A2715973800AD1B98 /* Build configuration list for PBXNativeTarget "Music-Edu-MobileUITests" */;
			buildPhases = (
				6E3DB7562715973800AD1B98 /* Sources */,
				6E3DB7572715973800AD1B98 /* Frameworks */,
				6E3DB7582715973800AD1B98 /* Resources */,
			);
			buildRules = (
			);
			dependencies = (
				6E3DB75C2715973800AD1B98 /* PBXTargetDependency */,
			);
			name = "Music-Edu-MobileUITests";
			productName = "Music-Edu-MobileUITests";
			productReference = 6E3DB75A2715973800AD1B98 /* Music-Edu-MobileUITests.xctest */;
			productType = "com.apple.product-type.bundle.ui-testing";
		};
/* End PBXNativeTarget section */

/* Begin PBXProject section */
		6E3DB7322715973600AD1B98 /* Project object */ = {
			isa = PBXProject;
			attributes = {
				BuildIndependentTargetsInParallel = 1;
				LastSwiftUpdateCheck = 1300;
				LastUpgradeCheck = 1300;
				TargetAttributes = {
					6E3DB7392715973600AD1B98 = {
						CreatedOnToolsVersion = 13.0;
					};
					6E3DB74F2715973800AD1B98 = {
						CreatedOnToolsVersion = 13.0;
						TestTargetID = 6E3DB7392715973600AD1B98;
					};
					6E3DB7592715973800AD1B98 = {
						CreatedOnToolsVersion = 13.0;
						TestTargetID = 6E3DB7392715973600AD1B98;
					};
				};
			};
			buildConfigurationList = 6E3DB7352715973600AD1B98 /* Build configuration list for PBXProject "Music-Edu-Mobile" */;
			compatibilityVersion = "Xcode 13.0";
			developmentRegion = en;
			hasScannedForEncodings = 0;
			knownRegions = (
				en,
				Base,
			);
			mainGroup = 6E3DB7312715973600AD1B98;
			productRefGroup = 6E3DB73B2715973600AD1B98 /* Products */;
			projectDirPath = "";
			projectRoot = "";
			targets = (
				6E3DB7392715973600AD1B98 /* Music-Edu-Mobile */,
				6E3DB74F2715973800AD1B98 /* Music-Edu-MobileTests */,
				6E3DB7592715973800AD1B98 /* Music-Edu-MobileUITests */,
			);
		};
/* End PBXProject section */

/* Begin PBXResourcesBuildPhase section */
		6E3DB7382715973600AD1B98 /* Resources */ = {
			isa = PBXResourcesBuildPhase;
			buildActionMask = 2147483647;
			files = (
				6E3DB74A2715973800AD1B98 /* LaunchScreen.storyboard in Resources */,
				6E3DB7472715973800AD1B98 /* Assets.xcassets in Resources */,
				6E3DB7452715973600AD1B98 /* Main.storyboard in Resources */,
			);
			runOnlyForDeploymentPostprocessing = 0;
		};
		6E3DB74E2715973800AD1B98 /* Resources */ = {
			isa = PBXResourcesBuildPhase;
			buildActionMask = 2147483647;
			files = (
			);
			runOnlyForDeploymentPostprocessing = 0;
		};
		6E3DB7582715973800AD1B98 /* Resources */ = {
			isa = PBXResourcesBuildPhase;
			buildActionMask = 2147483647;
			files = (
			);
			runOnlyForDeploymentPostprocessing = 0;
		};
/* End PBXResourcesBuildPhase section */

/* Begin PBXSourcesBuildPhase section */
		6E3DB7362715973600AD1B98 /* Sources */ = {
			isa = PBXSourcesBuildPhase;
			buildActionMask = 2147483647;
			files = (
				6E3DB7422715973600AD1B98 /* ChordViewController.swift in Sources */,
				6E2065702715E617000FF85E /* FingerBoard.swift in Sources */,
				6E3DB73E2715973600AD1B98 /* AppDelegate.swift in Sources */,
				6E3DB7402715973600AD1B98 /* SceneDelegate.swift in Sources */,
				6E20656E2715B804000FF85E /* ScaleViewController.swift in Sources */,
			);
			runOnlyForDeploymentPostprocessing = 0;
		};
		6E3DB74C2715973800AD1B98 /* Sources */ = {
			isa = PBXSourcesBuildPhase;
			buildActionMask = 2147483647;
			files = (
				6E3DB7552715973800AD1B98 /* Music_Edu_MobileTests.swift in Sources */,
			);
			runOnlyForDeploymentPostprocessing = 0;
		};
		6E3DB7562715973800AD1B98 /* Sources */ = {
			isa = PBXSourcesBuildPhase;
			buildActionMask = 2147483647;
			files = (
				6E3DB75F2715973800AD1B98 /* Music_Edu_MobileUITests.swift in Sources */,
				6E3DB7612715973800AD1B98 /* Music_Edu_MobileUITestsLaunchTests.swift in Sources */,
			);
			runOnlyForDeploymentPostprocessing = 0;
		};
/* End PBXSourcesBuildPhase section */

/* Begin PBXTargetDependency section */
		6E3DB7522715973800AD1B98 /* PBXTargetDependency */ = {
			isa = PBXTargetDependency;
			target = 6E3DB7392715973600AD1B98 /* Music-Edu-Mobile */;
			targetProxy = 6E3DB7512715973800AD1B98 /* PBXContainerItemProxy */;
		};
		6E3DB75C2715973800AD1B98 /* PBXTargetDependency */ = {
			isa = PBXTargetDependency;
			target = 6E3DB7392715973600AD1B98 /* Music-Edu-Mobile */;
			targetProxy = 6E3DB75B2715973800AD1B98 /* PBXContainerItemProxy */;
		};
/* End PBXTargetDependency section */

/* Begin PBXVariantGroup section */
		6E3DB7432715973600AD1B98 /* Main.storyboard */ = {
			isa = PBXVariantGroup;
			children = (
				6E3DB7442715973600AD1B98 /* Base */,
			);
			name = Main.storyboard;
			sourceTree = "<group>";
		};
		6E3DB7482715973800AD1B98 /* LaunchScreen.storyboard */ = {
			isa = PBXVariantGroup;
			children = (
				6E3DB7492715973800AD1B98 /* Base */,
			);
			name = LaunchScreen.storyboard;
			sourceTree = "<group>";
		};
/* End PBXVariantGroup section */

/* Begin XCBuildConfiguration section */
		6E3DB7622715973800AD1B98 /* Debug */ = {
			isa = XCBuildConfiguration;
			buildSettings = {
				ALWAYS_SEARCH_USER_PATHS = NO;
				CLANG_ANALYZER_NONNULL = YES;
				CLANG_ANALYZER_NUMBER_OBJECT_CONVERSION = YES_AGGRESSIVE;
				CLANG_CXX_LANGUAGE_STANDARD = "gnu++17";
				CLANG_CXX_LIBRARY = "libc++";
				CLANG_ENABLE_MODULES = YES;
				CLANG_ENABLE_OBJC_ARC = YES;
				CLANG_ENABLE_OBJC_WEAK = YES;
				CLANG_WARN_BLOCK_CAPTURE_AUTORELEASING = YES;
				CLANG_WARN_BOOL_CONVERSION = YES;
				CLANG_WARN_COMMA = YES;
				CLANG_WARN_CONSTANT_CONVERSION = YES;
				CLANG_WARN_DEPRECATED_OBJC_IMPLEMENTATIONS = YES;
				CLANG_WARN_DIRECT_OBJC_ISA_USAGE = YES_ERROR;
				CLANG_WARN_DOCUMENTATION_COMMENTS = YES;
				CLANG_WARN_EMPTY_BODY = YES;
				CLANG_WARN_ENUM_CONVERSION = YES;
				CLANG_WARN_INFINITE_RECURSION = YES;
				CLANG_WARN_INT_CONVERSION = YES;
				CLANG_WARN_NON_LITERAL_NULL_CONVERSION = YES;
				CLANG_WARN_OBJC_IMPLICIT_RETAIN_SELF = YES;
				CLANG_WARN_OBJC_LITERAL_CONVERSION = YES;
				CLANG_WARN_OBJC_ROOT_CLASS = YES_ERROR;
				CLANG_WARN_QUOTED_INCLUDE_IN_FRAMEWORK_HEADER = YES;
				CLANG_WARN_RANGE_LOOP_ANALYSIS = YES;
				CLANG_WARN_STRICT_PROTOTYPES = YES;
				CLANG_WARN_SUSPICIOUS_MOVE = YES;
				CLANG_WARN_UNGUARDED_AVAILABILITY = YES_AGGRESSIVE;
				CLANG_WARN_UNREACHABLE_CODE = YES;
				CLANG_WARN__DUPLICATE_METHOD_MATCH = YES;
				COPY_PHASE_STRIP = NO;
				DEBUG_INFORMATION_FORMAT = dwarf;
				ENABLE_STRICT_OBJC_MSGSEND = YES;
				ENABLE_TESTABILITY = YES;
				GCC_C_LANGUAGE_STANDARD = gnu11;
				GCC_DYNAMIC_NO_PIC = NO;
				GCC_NO_COMMON_BLOCKS = YES;
				GCC_OPTIMIZATION_LEVEL = 0;
				GCC_PREPROCESSOR_DEFINITIONS = (
					"DEBUG=1",
					"$(inherited)",
				);
				GCC_WARN_64_TO_32_BIT_CONVERSION = YES;
				GCC_WARN_ABOUT_RETURN_TYPE = YES_ERROR;
				GCC_WARN_UNDECLARED_SELECTOR = YES;
				GCC_WARN_UNINITIALIZED_AUTOS = YES_AGGRESSIVE;
				GCC_WARN_UNUSED_FUNCTION = YES;
				GCC_WARN_UNUSED_VARIABLE = YES;
				IPHONEOS_DEPLOYMENT_TARGET = 15.0;
				MTL_ENABLE_DEBUG_INFO = INCLUDE_SOURCE;
				MTL_FAST_MATH = YES;
				ONLY_ACTIVE_ARCH = YES;
				SDKROOT = iphoneos;
				SWIFT_ACTIVE_COMPILATION_CONDITIONS = DEBUG;
				SWIFT_OPTIMIZATION_LEVEL = "-Onone";
			};
			name = Debug;
		};
		6E3DB7632715973800AD1B98 /* Release */ = {
			isa = XCBuildConfiguration;
			buildSettings = {
				ALWAYS_SEARCH_USER_PATHS = NO;
				CLANG_ANALYZER_NONNULL = YES;
				CLANG_ANALYZER_NUMBER_OBJECT_CONVERSION = YES_AGGRESSIVE;
				CLANG_CXX_LANGUAGE_STANDARD = "gnu++17";
				CLANG_CXX_LIBRARY = "libc++";
				CLANG_ENABLE_MODULES = YES;
				CLANG_ENABLE_OBJC_ARC = YES;
				CLANG_ENABLE_OBJC_WEAK = YES;
				CLANG_WARN_BLOCK_CAPTURE_AUTORELEASING = YES;
				CLANG_WARN_BOOL_CONVERSION = YES;
				CLANG_WARN_COMMA = YES;
				CLANG_WARN_CONSTANT_CONVERSION = YES;
				CLANG_WARN_DEPRECATED_OBJC_IMPLEMENTATIONS = YES;
				CLANG_WARN_DIRECT_OBJC_ISA_USAGE = YES_ERROR;
				CLANG_WARN_DOCUMENTATION_COMMENTS = YES;
				CLANG_WARN_EMPTY_BODY = YES;
				CLANG_WARN_ENUM_CONVERSION = YES;
				CLANG_WARN_INFINITE_RECURSION = YES;
				CLANG_WARN_INT_CONVERSION = YES;
				CLANG_WARN_NON_LITERAL_NULL_CONVERSION = YES;
				CLANG_WARN_OBJC_IMPLICIT_RETAIN_SELF = YES;
				CLANG_WARN_OBJC_LITERAL_CONVERSION = YES;
				CLANG_WARN_OBJC_ROOT_CLASS = YES_ERROR;
				CLANG_WARN_QUOTED_INCLUDE_IN_FRAMEWORK_HEADER = YES;
				CLANG_WARN_RANGE_LOOP_ANALYSIS = YES;
				CLANG_WARN_STRICT_PROTOTYPES = YES;
				CLANG_WARN_SUSPICIOUS_MOVE = YES;
				CLANG_WARN_UNGUARDED_AVAILABILITY = YES_AGGRESSIVE;
				CLANG_WARN_UNREACHABLE_CODE = YES;
				CLANG_WARN__DUPLICATE_METHOD_MATCH = YES;
				COPY_PHASE_STRIP = NO;
				DEBUG_INFORMATION_FORMAT = "dwarf-with-dsym";
				ENABLE_NS_ASSERTIONS = NO;
				ENABLE_STRICT_OBJC_MSGSEND = YES;
				GCC_C_LANGUAGE_STANDARD = gnu11;
				GCC_NO_COMMON_BLOCKS = YES;
				GCC_WARN_64_TO_32_BIT_CONVERSION = YES;
				GCC_WARN_ABOUT_RETURN_TYPE = YES_ERROR;
				GCC_WARN_UNDECLARED_SELECTOR = YES;
				GCC_WARN_UNINITIALIZED_AUTOS = YES_AGGRESSIVE;
				GCC_WARN_UNUSED_FUNCTION = YES;
				GCC_WARN_UNUSED_VARIABLE = YES;
				IPHONEOS_DEPLOYMENT_TARGET = 15.0;
				MTL_ENABLE_DEBUG_INFO = NO;
				MTL_FAST_MATH = YES;
				SDKROOT = iphoneos;
				SWIFT_COMPILATION_MODE = wholemodule;
				SWIFT_OPTIMIZATION_LEVEL = "-O";
				VALIDATE_PRODUCT = YES;
			};
			name = Release;
		};
		6E3DB7652715973800AD1B98 /* Debug */ = {
			isa = XCBuildConfiguration;
			buildSettings = {
				ASSETCATALOG_COMPILER_APPICON_NAME = AppIcon;
				ASSETCATALOG_COMPILER_GLOBAL_ACCENT_COLOR_NAME = AccentColor;
				CODE_SIGN_STYLE = Automatic;
				CURRENT_PROJECT_VERSION = 1;
				DEVELOPMENT_TEAM = 5L9SGQKD4B;
				GENERATE_INFOPLIST_FILE = YES;
				INFOPLIST_FILE = "Music-Edu-Mobile/Info.plist";
				INFOPLIST_KEY_UIApplicationSupportsIndirectInputEvents = YES;
				INFOPLIST_KEY_UILaunchStoryboardName = LaunchScreen;
				INFOPLIST_KEY_UIMainStoryboardFile = Main;
				INFOPLIST_KEY_UISupportedInterfaceOrientations = "UIInterfaceOrientationLandscapeRight UIInterfaceOrientationLandscapeLeft";
				INFOPLIST_KEY_UISupportedInterfaceOrientations_iPad = "UIInterfaceOrientationPortrait UIInterfaceOrientationPortraitUpsideDown UIInterfaceOrientationLandscapeLeft UIInterfaceOrientationLandscapeRight";
				INFOPLIST_KEY_UISupportedInterfaceOrientations_iPhone = "UIInterfaceOrientationPortrait UIInterfaceOrientationLandscapeLeft UIInterfaceOrientationLandscapeRight";
				LD_RUNPATH_SEARCH_PATHS = (
					"$(inherited)",
					"@executable_path/Frameworks",
				);
				MARKETING_VERSION = 1.0;
				PRODUCT_BUNDLE_IDENTIFIER = "WSD.Music-Edu-Mobile";
				PRODUCT_NAME = "$(TARGET_NAME)";
				SWIFT_EMIT_LOC_STRINGS = YES;
				SWIFT_VERSION = 5.0;
				TARGETED_DEVICE_FAMILY = "1,2";
			};
			name = Debug;
		};
		6E3DB7662715973800AD1B98 /* Release */ = {
			isa = XCBuildConfiguration;
			buildSettings = {
				ASSETCATALOG_COMPILER_APPICON_NAME = AppIcon;
				ASSETCATALOG_COMPILER_GLOBAL_ACCENT_COLOR_NAME = AccentColor;
				CODE_SIGN_STYLE = Automatic;
				CURRENT_PROJECT_VERSION = 1;
				DEVELOPMENT_TEAM = 5L9SGQKD4B;
				GENERATE_INFOPLIST_FILE = YES;
				INFOPLIST_FILE = "Music-Edu-Mobile/Info.plist";
				INFOPLIST_KEY_UIApplicationSupportsIndirectInputEvents = YES;
				INFOPLIST_KEY_UILaunchStoryboardName = LaunchScreen;
				INFOPLIST_KEY_UIMainStoryboardFile = Main;
				INFOPLIST_KEY_UISupportedInterfaceOrientations = "UIInterfaceOrientationLandscapeRight UIInterfaceOrientationLandscapeLeft";
				INFOPLIST_KEY_UISupportedInterfaceOrientations_iPad = "UIInterfaceOrientationPortrait UIInterfaceOrientationPortraitUpsideDown UIInterfaceOrientationLandscapeLeft UIInterfaceOrientationLandscapeRight";
				INFOPLIST_KEY_UISupportedInterfaceOrientations_iPhone = "UIInterfaceOrientationPortrait UIInterfaceOrientationLandscapeLeft UIInterfaceOrientationLandscapeRight";
				LD_RUNPATH_SEARCH_PATHS = (
					"$(inherited)",
					"@executable_path/Frameworks",
				);
				MARKETING_VERSION = 1.0;
				PRODUCT_BUNDLE_IDENTIFIER = "WSD.Music-Edu-Mobile";
				PRODUCT_NAME = "$(TARGET_NAME)";
				SWIFT_EMIT_LOC_STRINGS = YES;
				SWIFT_VERSION = 5.0;
				TARGETED_DEVICE_FAMILY = "1,2";
			};
			name = Release;
		};
		6E3DB7682715973800AD1B98 /* Debug */ = {
			isa = XCBuildConfiguration;
			buildSettings = {
				ALWAYS_EMBED_SWIFT_STANDARD_LIBRARIES = YES;
				BUNDLE_LOADER = "$(TEST_HOST)";
				CODE_SIGN_STYLE = Automatic;
				CURRENT_PROJECT_VERSION = 1;
				DEVELOPMENT_TEAM = 5L9SGQKD4B;
				GENERATE_INFOPLIST_FILE = YES;
				IPHONEOS_DEPLOYMENT_TARGET = 15.0;
				LD_RUNPATH_SEARCH_PATHS = (
					"$(inherited)",
					"@executable_path/Frameworks",
					"@loader_path/Frameworks",
				);
				MARKETING_VERSION = 1.0;
				PRODUCT_BUNDLE_IDENTIFIER = "WSD.Music-Edu-MobileTests";
				PRODUCT_NAME = "$(TARGET_NAME)";
				SWIFT_EMIT_LOC_STRINGS = NO;
				SWIFT_VERSION = 5.0;
				TARGETED_DEVICE_FAMILY = "1,2";
				TEST_HOST = "$(BUILT_PRODUCTS_DIR)/Music-Edu-Mobile.app/Music-Edu-Mobile";
			};
			name = Debug;
		};
		6E3DB7692715973800AD1B98 /* Release */ = {
			isa = XCBuildConfiguration;
			buildSettings = {
				ALWAYS_EMBED_SWIFT_STANDARD_LIBRARIES = YES;
				BUNDLE_LOADER = "$(TEST_HOST)";
				CODE_SIGN_STYLE = Automatic;
				CURRENT_PROJECT_VERSION = 1;
				DEVELOPMENT_TEAM = 5L9SGQKD4B;
				GENERATE_INFOPLIST_FILE = YES;
				IPHONEOS_DEPLOYMENT_TARGET = 15.0;
				LD_RUNPATH_SEARCH_PATHS = (
					"$(inherited)",
					"@executable_path/Frameworks",
					"@loader_path/Frameworks",
				);
				MARKETING_VERSION = 1.0;
				PRODUCT_BUNDLE_IDENTIFIER = "WSD.Music-Edu-MobileTests";
				PRODUCT_NAME = "$(TARGET_NAME)";
				SWIFT_EMIT_LOC_STRINGS = NO;
				SWIFT_VERSION = 5.0;
				TARGETED_DEVICE_FAMILY = "1,2";
				TEST_HOST = "$(BUILT_PRODUCTS_DIR)/Music-Edu-Mobile.app/Music-Edu-Mobile";
			};
			name = Release;
		};
		6E3DB76B2715973800AD1B98 /* Debug */ = {
			isa = XCBuildConfiguration;
			buildSettings = {
				ALWAYS_EMBED_SWIFT_STANDARD_LIBRARIES = YES;
				CODE_SIGN_STYLE = Automatic;
				CURRENT_PROJECT_VERSION = 1;
				DEVELOPMENT_TEAM = 5L9SGQKD4B;
				GENERATE_INFOPLIST_FILE = YES;
				LD_RUNPATH_SEARCH_PATHS = (
					"$(inherited)",
					"@executable_path/Frameworks",
					"@loader_path/Frameworks",
				);
				MARKETING_VERSION = 1.0;
				PRODUCT_BUNDLE_IDENTIFIER = "WSD.Music-Edu-MobileUITests";
				PRODUCT_NAME = "$(TARGET_NAME)";
				SWIFT_EMIT_LOC_STRINGS = NO;
				SWIFT_VERSION = 5.0;
				TARGETED_DEVICE_FAMILY = "1,2";
				TEST_TARGET_NAME = "Music-Edu-Mobile";
			};
			name = Debug;
		};
		6E3DB76C2715973800AD1B98 /* Release */ = {
			isa = XCBuildConfiguration;
			buildSettings = {
				ALWAYS_EMBED_SWIFT_STANDARD_LIBRARIES = YES;
				CODE_SIGN_STYLE = Automatic;
				CURRENT_PROJECT_VERSION = 1;
				DEVELOPMENT_TEAM = 5L9SGQKD4B;
				GENERATE_INFOPLIST_FILE = YES;
				LD_RUNPATH_SEARCH_PATHS = (
					"$(inherited)",
					"@executable_path/Frameworks",
					"@loader_path/Frameworks",
				);
				MARKETING_VERSION = 1.0;
				PRODUCT_BUNDLE_IDENTIFIER = "WSD.Music-Edu-MobileUITests";
				PRODUCT_NAME = "$(TARGET_NAME)";
				SWIFT_EMIT_LOC_STRINGS = NO;
				SWIFT_VERSION = 5.0;
				TARGETED_DEVICE_FAMILY = "1,2";
				TEST_TARGET_NAME = "Music-Edu-Mobile";
			};
			name = Release;
		};
/* End XCBuildConfiguration section */

/* Begin XCConfigurationList section */
		6E3DB7352715973600AD1B98 /* Build configuration list for PBXProject "Music-Edu-Mobile" */ = {
			isa = XCConfigurationList;
			buildConfigurations = (
				6E3DB7622715973800AD1B98 /* Debug */,
				6E3DB7632715973800AD1B98 /* Release */,
			);
			defaultConfigurationIsVisible = 0;
			defaultConfigurationName = Release;
		};
		6E3DB7642715973800AD1B98 /* Build configuration list for PBXNativeTarget "Music-Edu-Mobile" */ = {
			isa = XCConfigurationList;
			buildConfigurations = (
				6E3DB7652715973800AD1B98 /* Debug */,
				6E3DB7662715973800AD1B98 /* Release */,
			);
			defaultConfigurationIsVisible = 0;
			defaultConfigurationName = Release;
		};
		6E3DB7672715973800AD1B98 /* Build configuration list for PBXNativeTarget "Music-Edu-MobileTests" */ = {
			isa = XCConfigurationList;
			buildConfigurations = (
				6E3DB7682715973800AD1B98 /* Debug */,
				6E3DB7692715973800AD1B98 /* Release */,
			);
			defaultConfigurationIsVisible = 0;
			defaultConfigurationName = Release;
		};
		6E3DB76A2715973800AD1B98 /* Build configuration list for PBXNativeTarget "Music-Edu-MobileUITests" */ = {
			isa = XCConfigurationList;
			buildConfigurations = (
				6E3DB76B2715973800AD1B98 /* Debug */,
				6E3DB76C2715973800AD1B98 /* Release */,
			);
			defaultConfigurationIsVisible = 0;
			defaultConfigurationName = Release;
		};
/* End XCConfigurationList section */
	};
	rootObject = 6E3DB7322715973600AD1B98 /* Project object */;
}
